
Microsoft Visual Studio Solution File, Format Version 12.00
# Visual Studio Version 17
VisualStudioVersion = 17.5.002.0
MinimumVisualStudioVersion = 10.0.40219.1
Project("{9A19103F-16F7-4668-BE54-9A1E7A4F7556}") = "Factory Focus", "Factory Focus.csproj", "{72FF70C1-C432-4690-8D8D-0D208BB7E6BE}"
EndProject
Global
	GlobalSection(SolutionConfigurationPlatforms) = preSolution
		Debug|Any CPU = Debug|Any CPU
		Release|Any CPU = Release|Any CPU
	EndGlobalSection
	GlobalSection(ProjectConfigurationPlatforms) = postSolution
		{72FF70C1-C432-4690-8D8D-0D208BB7E6BE}.Debug|Any CPU.ActiveCfg = Debug|Any CPU
		{72FF70C1-C432-4690-8D8D-0D208BB7E6BE}.Debug|Any CPU.Build.0 = Debug|Any CPU
		{72FF70C1-C432-4690-8D8D-0D208BB7E6BE}.Release|Any CPU.ActiveCfg = Release|Any CPU
		{72FF70C1-C432-4690-8D8D-0D208BB7E6BE}.Release|Any CPU.Build.0 = Release|Any CPU
	EndGlobalSection
	GlobalSection(SolutionProperties) = preSolution
		HideSolutionNode = FALSE
	EndGlobalSection
	GlobalSection(ExtensibilityGlobals) = postSolution
		SolutionGuid = {358C5F91-EA0D-4F07-9DA9-FEB36E4463B6}
	EndGlobalSection
EndGlobal
